
Microsoft Visual Studio Solution File, Format Version 12.00
# Visual Studio Version 16
VisualStudioVersion = 16.0.29009.5
MinimumVisualStudioVersion = 10.0.40219.1
Project("{FAE04EC0-301F-11D3-BF4B-00C04F79EFBC}") = "app1", "app1\app1.csproj", "{C8A3C436-B32C-4A6B-98E6-71E34AB0930D}"
EndProject
Global
	GlobalSection(SolutionConfigurationPlatforms) = preSolution
		Debug|Any CPU = Debug|Any CPU
		Release|Any CPU = Release|Any CPU
	EndGlobalSection
	GlobalSection(ProjectConfigurationPlatforms) = postSolution
		{C8A3C436-B32C-4A6B-98E6-71E34AB0930D}.Debug|Any CPU.ActiveCfg = Debug|Any CPU
		{C8A3C436-B32C-4A6B-98E6-71E34AB0930D}.Debug|Any CPU.Build.0 = Debug|Any CPU
		{C8A3C436-B32C-4A6B-98E6-71E34AB0930D}.Release|Any CPU.ActiveCfg = Release|Any CPU
		{C8A3C436-B32C-4A6B-98E6-71E34AB0930D}.Release|Any CPU.Build.0 = Release|Any CPU
	EndGlobalSection
	GlobalSection(SolutionProperties) = preSolution
		HideSolutionNode = FALSE
	EndGlobalSection
	GlobalSection(ExtensibilityGlobals) = postSolution
		SolutionGuid = {E33C798C-C7EC-409B-BBBB-A3A14A0777CC}
	EndGlobalSection
EndGlobal
